
Microsoft Visual Studio Solution File, Format Version 12.00
# Visual Studio Version 17
VisualStudioVersion = 17.8.34330.188
MinimumVisualStudioVersion = 10.0.40219.1
Project("{9A19103F-16F7-4668-BE54-9A1E7A4F7556}") = "Algorithim", "Algorithim\Algorithim.csproj", "{FDBFA7D0-5331-4CBD-A93D-070CB7C5500E}"
EndProject
Project("{9A19103F-16F7-4668-BE54-9A1E7A4F7556}") = "MergeAlternately", "MergeAlternately\MergeAlternately.csproj", "{9C0D8593-CFEE-4820-9399-353BDD4E11C9}"
EndProject
Project("{9A19103F-16F7-4668-BE54-9A1E7A4F7556}") = "StringGCD", "StringGCD\StringGCD.csproj", "{326EE5D2-5518-41EA-881E-480831089727}"
EndProject
Project("{9A19103F-16F7-4668-BE54-9A1E7A4F7556}") = "GreatestNumberCandies", "GreatestNumberCandies\GreatestNumberCandies.csproj", "{B4912400-AB00-47CA-BFBF-84337E58648F}"
EndProject
Project("{9A19103F-16F7-4668-BE54-9A1E7A4F7556}") = "CanPlaceFlowers", "CanPlaceFlowers\CanPlaceFlowers.csproj", "{63D52388-9A52-430B-8A29-2DCB864B72DC}"
EndProject
Project("{9A19103F-16F7-4668-BE54-9A1E7A4F7556}") = "ReverseVowel", "ReverseVowel\ReverseVowel.csproj", "{0D7E2AB0-A5DB-4444-A8FC-0BD6832A90E4}"
EndProject
Project("{9A19103F-16F7-4668-BE54-9A1E7A4F7556}") = "ReverseWordsString", "ReverseWordsString\ReverseWordsString.csproj", "{ED4B3EEA-DECD-4CC6-A2D3-56ABE8A00EE9}"
EndProject
Project("{FAE04EC0-301F-11D3-BF4B-00C04F79EFBC}") = "ProductOfArrayExceptItself", "ProductOfArrayExceptItself\ProductOfArrayExceptItself.csproj", "{E5F7ADE6-D59C-4ED3-8E7F-812B4CE40039}"
EndProject
Global
	GlobalSection(SolutionConfigurationPlatforms) = preSolution
		Debug|Any CPU = Debug|Any CPU
		Release|Any CPU = Release|Any CPU
	EndGlobalSection
	GlobalSection(ProjectConfigurationPlatforms) = postSolution
		{FDBFA7D0-5331-4CBD-A93D-070CB7C5500E}.Debug|Any CPU.ActiveCfg = Debug|Any CPU
		{FDBFA7D0-5331-4CBD-A93D-070CB7C5500E}.Debug|Any CPU.Build.0 = Debug|Any CPU
		{FDBFA7D0-5331-4CBD-A93D-070CB7C5500E}.Release|Any CPU.ActiveCfg = Release|Any CPU
		{FDBFA7D0-5331-4CBD-A93D-070CB7C5500E}.Release|Any CPU.Build.0 = Release|Any CPU
		{9C0D8593-CFEE-4820-9399-353BDD4E11C9}.Debug|Any CPU.ActiveCfg = Debug|Any CPU
		{9C0D8593-CFEE-4820-9399-353BDD4E11C9}.Debug|Any CPU.Build.0 = Debug|Any CPU
		{9C0D8593-CFEE-4820-9399-353BDD4E11C9}.Release|Any CPU.ActiveCfg = Release|Any CPU
		{9C0D8593-CFEE-4820-9399-353BDD4E11C9}.Release|Any CPU.Build.0 = Release|Any CPU
		{326EE5D2-5518-41EA-881E-480831089727}.Debug|Any CPU.ActiveCfg = Debug|Any CPU
		{326EE5D2-5518-41EA-881E-480831089727}.Debug|Any CPU.Build.0 = Debug|Any CPU
		{326EE5D2-5518-41EA-881E-480831089727}.Release|Any CPU.ActiveCfg = Release|Any CPU
		{326EE5D2-5518-41EA-881E-480831089727}.Release|Any CPU.Build.0 = Release|Any CPU
		{B4912400-AB00-47CA-BFBF-84337E58648F}.Debug|Any CPU.ActiveCfg = Debug|Any CPU
		{B4912400-AB00-47CA-BFBF-84337E58648F}.Debug|Any CPU.Build.0 = Debug|Any CPU
		{B4912400-AB00-47CA-BFBF-84337E58648F}.Release|Any CPU.ActiveCfg = Release|Any CPU
		{B4912400-AB00-47CA-BFBF-84337E58648F}.Release|Any CPU.Build.0 = Release|Any CPU
		{63D52388-9A52-430B-8A29-2DCB864B72DC}.Debug|Any CPU.ActiveCfg = Debug|Any CPU
		{63D52388-9A52-430B-8A29-2DCB864B72DC}.Debug|Any CPU.Build.0 = Debug|Any CPU
		{63D52388-9A52-430B-8A29-2DCB864B72DC}.Release|Any CPU.ActiveCfg = Release|Any CPU
		{63D52388-9A52-430B-8A29-2DCB864B72DC}.Release|Any CPU.Build.0 = Release|Any CPU
		{0D7E2AB0-A5DB-4444-A8FC-0BD6832A90E4}.Debug|Any CPU.ActiveCfg = Debug|Any CPU
		{0D7E2AB0-A5DB-4444-A8FC-0BD6832A90E4}.Debug|Any CPU.Build.0 = Debug|Any CPU
		{0D7E2AB0-A5DB-4444-A8FC-0BD6832A90E4}.Release|Any CPU.ActiveCfg = Release|Any CPU
		{0D7E2AB0-A5DB-4444-A8FC-0BD6832A90E4}.Release|Any CPU.Build.0 = Release|Any CPU
		{ED4B3EEA-DECD-4CC6-A2D3-56ABE8A00EE9}.Debug|Any CPU.ActiveCfg = Debug|Any CPU
		{ED4B3EEA-DECD-4CC6-A2D3-56ABE8A00EE9}.Debug|Any CPU.Build.0 = Debug|Any CPU
		{ED4B3EEA-DECD-4CC6-A2D3-56ABE8A00EE9}.Release|Any CPU.ActiveCfg = Release|Any CPU
		{ED4B3EEA-DECD-4CC6-A2D3-56ABE8A00EE9}.Release|Any CPU.Build.0 = Release|Any CPU
		{E5F7ADE6-D59C-4ED3-8E7F-812B4CE40039}.Debug|Any CPU.ActiveCfg = Debug|Any CPU
		{E5F7ADE6-D59C-4ED3-8E7F-812B4CE40039}.Debug|Any CPU.Build.0 = Debug|Any CPU
		{E5F7ADE6-D59C-4ED3-8E7F-812B4CE40039}.Release|Any CPU.ActiveCfg = Release|Any CPU
		{E5F7ADE6-D59C-4ED3-8E7F-812B4CE40039}.Release|Any CPU.Build.0 = Release|Any CPU
	EndGlobalSection
	GlobalSection(SolutionProperties) = preSolution
		HideSolutionNode = FALSE
	EndGlobalSection
	GlobalSection(ExtensibilityGlobals) = postSolution
		SolutionGuid = {3CF7E431-8120-435D-A21B-B477A8932DB4}
	EndGlobalSection
EndGlobal
